Microsoft Visual Studio Solution File, Format Version 12.00
# Visual Studio Version 16
VisualStudioVersion = 16.0.29806.167
MinimumVisualStudioVersion = 10.0.40219.1
Project("{9A19103F-16F7-4668-BE54-9A1E7A4F7556}") = "Patcheetah", "src\Patcheetah\Patcheetah.csproj", "{565E20A1-7E7E-4806-ADE1-BD426241A508}"
EndProject
Project("{9A19103F-16F7-4668-BE54-9A1E7A4F7556}") = "Patcheetah.Tests", "tests\Patcheetah.Tests\Patcheetah.Tests.csproj", "{BBAB102D-D659-437B-A02F-F2369A4C1ED6}"
EndProject
Project("{9A19103F-16F7-4668-BE54-9A1E7A4F7556}") = "Patcheetah.JsonNET", "src\Patcheetah.JsonNET\Patcheetah.JsonNET.csproj", "{31E011AB-FFBA-4CE5-861F-00B0C8C705AE}"
EndProject
Project("{9A19103F-16F7-4668-BE54-9A1E7A4F7556}") = "Patcheetah.SystemText", "src\Patcheetah.SystemText\Patcheetah.SystemText.csproj", "{C8122E3C-1667-4323-86B6-8D54929279DC}"
EndProject
Project("{9A19103F-16F7-4668-BE54-9A1E7A4F7556}") = "Patcheetah.TestApp31", "tests\Patcheetah.TestApp31\Patcheetah.TestApp31.csproj", "{F5F82699-BCD9-4303-A902-B8BDA9D43340}"
EndProject
Project("{9A19103F-16F7-4668-BE54-9A1E7A4F7556}") = "Patcheetah.TestApp21", "tests\Patcheetah.TestApp21\Patcheetah.TestApp21.csproj", "{0FA0C9F1-B9A4-4F3F-887C-A07A333A6EAA}"
EndProject
Project("{9A19103F-16F7-4668-BE54-9A1E7A4F7556}") = "Patcheetah.Swagger.NET21", "src\Patcheetah.Swagger.NET21\Patcheetah.Swagger.NET21.csproj", "{C8D6B464-E961-46CE-B2F2-AE97DDDA6050}"
EndProject
Project("{9A19103F-16F7-4668-BE54-9A1E7A4F7556}") = "Patcheetah.Swagger.NET31", "src\Patcheetah.Swagger.NET31\Patcheetah.Swagger.NET31.csproj", "{E60B203D-0052-4446-A797-2C19EF10A1EC}"
EndProject
Project("{FAE04EC0-301F-11D3-BF4B-00C04F79EFBC}") = "Patcheetah.TestApp472", "tests\Patcheetah.TestApp472\Patcheetah.TestApp472.csproj", "{340FE781-65A2-4AAB-9376-3E6DF5BE33CE}"
EndProject
Global
	GlobalSection(SolutionConfigurationPlatforms) = preSolution
		Debug|Any CPU = Debug|Any CPU
		Release|Any CPU = Release|Any CPU
	EndGlobalSection
	GlobalSection(ProjectConfigurationPlatforms) = postSolution
		{565E20A1-7E7E-4806-ADE1-BD426241A508}.Debug|Any CPU.ActiveCfg = Debug|Any CPU
		{565E20A1-7E7E-4806-ADE1-BD426241A508}.Debug|Any CPU.Build.0 = Debug|Any CPU
		{565E20A1-7E7E-4806-ADE1-BD426241A508}.Release|Any CPU.ActiveCfg = Release|Any CPU
		{565E20A1-7E7E-4806-ADE1-BD426241A508}.Release|Any CPU.Build.0 = Release|Any CPU
		{BBAB102D-D659-437B-A02F-F2369A4C1ED6}.Debug|Any CPU.ActiveCfg = Debug|Any CPU
		{BBAB102D-D659-437B-A02F-F2369A4C1ED6}.Debug|Any CPU.Build.0 = Debug|Any CPU
		{BBAB102D-D659-437B-A02F-F2369A4C1ED6}.Release|Any CPU.ActiveCfg = Release|Any CPU
		{BBAB102D-D659-437B-A02F-F2369A4C1ED6}.Release|Any CPU.Build.0 = Release|Any CPU
		{31E011AB-FFBA-4CE5-861F-00B0C8C705AE}.Debug|Any CPU.ActiveCfg = Debug|Any CPU
		{31E011AB-FFBA-4CE5-861F-00B0C8C705AE}.Debug|Any CPU.Build.0 = Debug|Any CPU
		{31E011AB-FFBA-4CE5-861F-00B0C8C705AE}.Release|Any CPU.ActiveCfg = Release|Any CPU
		{31E011AB-FFBA-4CE5-861F-00B0C8C705AE}.Release|Any CPU.Build.0 = Release|Any CPU
		{C8122E3C-1667-4323-86B6-8D54929279DC}.Debug|Any CPU.ActiveCfg = Debug|Any CPU
		{C8122E3C-1667-4323-86B6-8D54929279DC}.Debug|Any CPU.Build.0 = Debug|Any CPU
		{C8122E3C-1667-4323-86B6-8D54929279DC}.Release|Any CPU.ActiveCfg = Release|Any CPU
		{C8122E3C-1667-4323-86B6-8D54929279DC}.Release|Any CPU.Build.0 = Release|Any CPU
		{F5F82699-BCD9-4303-A902-B8BDA9D43340}.Debug|Any CPU.ActiveCfg = Debug|Any CPU
		{F5F82699-BCD9-4303-A902-B8BDA9D43340}.Debug|Any CPU.Build.0 = Debug|Any CPU
		{F5F82699-BCD9-4303-A902-B8BDA9D43340}.Release|Any CPU.ActiveCfg = Release|Any CPU
		{F5F82699-BCD9-4303-A902-B8BDA9D43340}.Release|Any CPU.Build.0 = Release|Any CPU
		{0FA0C9F1-B9A4-4F3F-887C-A07A333A6EAA}.Debug|Any CPU.ActiveCfg = Debug|Any CPU
		{0FA0C9F1-B9A4-4F3F-887C-A07A333A6EAA}.Debug|Any CPU.Build.0 = Debug|Any CPU
		{0FA0C9F1-B9A4-4F3F-887C-A07A333A6EAA}.Release|Any CPU.ActiveCfg = Release|Any CPU
		{0FA0C9F1-B9A4-4F3F-887C-A07A333A6EAA}.Release|Any CPU.Build.0 = Release|Any CPU
		{C8D6B464-E961-46CE-B2F2-AE97DDDA6050}.Debug|Any CPU.ActiveCfg = Debug|Any CPU
		{C8D6B464-E961-46CE-B2F2-AE97DDDA6050}.Debug|Any CPU.Build.0 = Debug|Any CPU
		{C8D6B464-E961-46CE-B2F2-AE97DDDA6050}.Release|Any CPU.ActiveCfg = Release|Any CPU
		{C8D6B464-E961-46CE-B2F2-AE97DDDA6050}.Release|Any CPU.Build.0 = Release|Any CPU
		{E60B203D-0052-4446-A797-2C19EF10A1EC}.Debug|Any CPU.ActiveCfg = Debug|Any CPU
		{E60B203D-0052-4446-A797-2C19EF10A1EC}.Debug|Any CPU.Build.0 = Debug|Any CPU
		{E60B203D-0052-4446-A797-2C19EF10A1EC}.Release|Any CPU.ActiveCfg = Release|Any CPU
		{E60B203D-0052-4446-A797-2C19EF10A1EC}.Release|Any CPU.Build.0 = Release|Any CPU
		{340FE781-65A2-4AAB-9376-3E6DF5BE33CE}.Debug|Any CPU.ActiveCfg = Debug|Any CPU
		{340FE781-65A2-4AAB-9376-3E6DF5BE33CE}.Debug|Any CPU.Build.0 = Debug|Any CPU
		{340FE781-65A2-4AAB-9376-3E6DF5BE33CE}.Release|Any CPU.ActiveCfg = Release|Any CPU
		{340FE781-65A2-4AAB-9376-3E6DF5BE33CE}.Release|Any CPU.Build.0 = Release|Any CPU
	EndGlobalSection
	GlobalSection(SolutionProperties) = preSolution
		HideSolutionNode = FALSE
	EndGlobalSection
	GlobalSection(ExtensibilityGlobals) = postSolution
		SolutionGuid = {B15F5C75-9291-4EBB-823F-B37B9525E724}
	EndGlobalSection
EndGlobal
